
Microsoft Visual Studio Solution File, Format Version 11.00
# Visual Studio 2010
Project("{FAE04EC0-301F-11D3-BF4B-00C04F79EFBC}") = "RTreeSim", "RTreeSim\RTreeSim.csproj", "{D9A1E239-D75B-4B98-AACB-0074B4E4E2A4}"
EndProject
Project("{FAE04EC0-301F-11D3-BF4B-00C04F79EFBC}") = "RTree", "..\RTree\RTree\RTree.csproj", "{4085BA67-60D7-4679-886E-457AAF37EC7B}"
EndProject
Project("{FAE04EC0-301F-11D3-BF4B-00C04F79EFBC}") = "QueryEvaluator", "..\QueryEvaluator\QueryEvaluator.csproj", "{37A832E8-E8D6-4AD4-8A42-514BDABCAEC0}"
EndProject
Global
	GlobalSection(SolutionConfigurationPlatforms) = preSolution
		Debug|Any CPU = Debug|Any CPU
		Release|Any CPU = Release|Any CPU
	EndGlobalSection
	GlobalSection(ProjectConfigurationPlatforms) = postSolution
		{D9A1E239-D75B-4B98-AACB-0074B4E4E2A4}.Debug|Any CPU.ActiveCfg = Debug|Any CPU
		{D9A1E239-D75B-4B98-AACB-0074B4E4E2A4}.Debug|Any CPU.Build.0 = Debug|Any CPU
		{D9A1E239-D75B-4B98-AACB-0074B4E4E2A4}.Release|Any CPU.ActiveCfg = Release|Any CPU
		{D9A1E239-D75B-4B98-AACB-0074B4E4E2A4}.Release|Any CPU.Build.0 = Release|Any CPU
		{4085BA67-60D7-4679-886E-457AAF37EC7B}.Debug|Any CPU.ActiveCfg = Debug|Any CPU
		{4085BA67-60D7-4679-886E-457AAF37EC7B}.Debug|Any CPU.Build.0 = Debug|Any CPU
		{4085BA67-60D7-4679-886E-457AAF37EC7B}.Release|Any CPU.ActiveCfg = Release|Any CPU
		{4085BA67-60D7-4679-886E-457AAF37EC7B}.Release|Any CPU.Build.0 = Release|Any CPU
		{37A832E8-E8D6-4AD4-8A42-514BDABCAEC0}.Debug|Any CPU.ActiveCfg = Debug|Any CPU
		{37A832E8-E8D6-4AD4-8A42-514BDABCAEC0}.Debug|Any CPU.Build.0 = Debug|Any CPU
		{37A832E8-E8D6-4AD4-8A42-514BDABCAEC0}.Release|Any CPU.ActiveCfg = Release|Any CPU
		{37A832E8-E8D6-4AD4-8A42-514BDABCAEC0}.Release|Any CPU.Build.0 = Release|Any CPU
	EndGlobalSection
	GlobalSection(SolutionProperties) = preSolution
		HideSolutionNode = FALSE
	EndGlobalSection
EndGlobal
