
Microsoft Visual Studio Solution File, Format Version 11.00
# Visual Studio 2010
Project("{FAE04EC0-301F-11D3-BF4B-00C04F79EFBC}") = "RTree", "..\RTree\RTree\RTree.csproj", "{4085BA67-60D7-4679-886E-457AAF37EC7B}"
EndProject
Project("{FAE04EC0-301F-11D3-BF4B-00C04F79EFBC}") = "QueryEvaluatorKnn", "..\QueryEvaluatorKnn\QueryEvaluatorKnn.csproj", "{9DD9E7CA-1D95-4B30-AF2C-008F86CEA3A3}"
EndProject
Project("{FAE04EC0-301F-11D3-BF4B-00C04F79EFBC}") = "RTreeSimKnn", "RTreeSimKnn\RTreeSimKnn.csproj", "{D9A1E239-D75B-4B98-AACB-0074B4E4E2A4}"
EndProject
Global
	GlobalSection(SolutionConfigurationPlatforms) = preSolution
		Debug|Any CPU = Debug|Any CPU
		Release|Any CPU = Release|Any CPU
	EndGlobalSection
	GlobalSection(ProjectConfigurationPlatforms) = postSolution
		{4085BA67-60D7-4679-886E-457AAF37EC7B}.Debug|Any CPU.ActiveCfg = Debug|Any CPU
		{4085BA67-60D7-4679-886E-457AAF37EC7B}.Debug|Any CPU.Build.0 = Debug|Any CPU
		{4085BA67-60D7-4679-886E-457AAF37EC7B}.Release|Any CPU.ActiveCfg = Release|Any CPU
		{4085BA67-60D7-4679-886E-457AAF37EC7B}.Release|Any CPU.Build.0 = Release|Any CPU
		{9DD9E7CA-1D95-4B30-AF2C-008F86CEA3A3}.Debug|Any CPU.ActiveCfg = Debug|Any CPU
		{9DD9E7CA-1D95-4B30-AF2C-008F86CEA3A3}.Debug|Any CPU.Build.0 = Debug|Any CPU
		{9DD9E7CA-1D95-4B30-AF2C-008F86CEA3A3}.Release|Any CPU.ActiveCfg = Release|Any CPU
		{9DD9E7CA-1D95-4B30-AF2C-008F86CEA3A3}.Release|Any CPU.Build.0 = Release|Any CPU
		{D9A1E239-D75B-4B98-AACB-0074B4E4E2A4}.Debug|Any CPU.ActiveCfg = Debug|Any CPU
		{D9A1E239-D75B-4B98-AACB-0074B4E4E2A4}.Debug|Any CPU.Build.0 = Debug|Any CPU
		{D9A1E239-D75B-4B98-AACB-0074B4E4E2A4}.Release|Any CPU.ActiveCfg = Release|Any CPU
		{D9A1E239-D75B-4B98-AACB-0074B4E4E2A4}.Release|Any CPU.Build.0 = Release|Any CPU
	EndGlobalSection
	GlobalSection(SolutionProperties) = preSolution
		HideSolutionNode = FALSE
	EndGlobalSection
EndGlobal
