
Microsoft Visual Studio Solution File, Format Version 11.00
# Visual Studio 2010
Project("{FAE04EC0-301F-11D3-BF4B-00C04F79EFBC}") = "R+tree", "R+tree.csproj", "{AFDD01D6-080C-4DEF-8D9F-2659D4B552F3}"
EndProject
Global
	GlobalSection(SolutionConfigurationPlatforms) = preSolution
		Debug|Any CPU = Debug|Any CPU
		Release|Any CPU = Release|Any CPU
	EndGlobalSection
	GlobalSection(ProjectConfigurationPlatforms) = postSolution
		{AFDD01D6-080C-4DEF-8D9F-2659D4B552F3}.Debug|Any CPU.ActiveCfg = Debug|Any CPU
		{AFDD01D6-080C-4DEF-8D9F-2659D4B552F3}.Debug|Any CPU.Build.0 = Debug|Any CPU
		{AFDD01D6-080C-4DEF-8D9F-2659D4B552F3}.Release|Any CPU.ActiveCfg = Release|Any CPU
		{AFDD01D6-080C-4DEF-8D9F-2659D4B552F3}.Release|Any CPU.Build.0 = Release|Any CPU
	EndGlobalSection
	GlobalSection(SolutionProperties) = preSolution
		HideSolutionNode = FALSE
	EndGlobalSection
EndGlobal
